github.com/ncruces/go-sqlite3 v0.35.1 h1:h/LaVyQwIvBBT0+2JmVe2tbYyWjUQ093/pYhpBqdxJo=
github.com/ncruces/go-sqlite3 v0.35.1/go.mod h1:fXOSIkWwN5NXgbJk+7Zls8QIW4xOflmgh11OFvcY+J0=
github.com/ncruces/go-sqlite3-wasm/v3 v3.1.35302 h1:Cew7/eNAMd1zhpXYBjofBua/63pFvbvB2h4PM/p6gKU=
github.com/ncruces/go-sqlite3-wasm/v3 v3.1.35302/go.mod h1:xe0CfafDUxfh+fSVKjHHMiAxoG9KALt5nFtbGNb/jRs=
github.com/ncruces/julianday v1.0.0 h1:fH0OKwa7NWvniGQtxdJRxAgkBMolni2BjDHaWTxqt7M=
github.com/ncruces/julianday v1.0.0/go.mod h1:Dusn2KvZrrovOMJuOt0TNXL6tB7U2E8kvza5fFc9G7g=
golang.org/x/sys v0.46.0 h1:noSf2Fq6F8DBgS+LysIkx7rIExoNHJsxOAtPp4rthXw=
golang.org/x/sys v0.46.0/go.mod h1:4GL1E5IUh+htKOUEOaiffhrAeqysfVGipDYzABqnCmw=
